# This file was autogenerated by Stack.
# You should not edit this file by hand.
# For more information, please see the documentation at:
#   https://docs.haskellstack.org/en/stable/lock_files

packages:
- completed:
    hackage: gloss-1.13.2.2@sha256:e1a017c22fa337b2eec594dd62db6c9e20cbf02d9e8d98ffd970a1d639a42913,3977
    pantry-tree:
      sha256: dc3c880f8c1ce4d46ef06c60993982318482d41123ab0c22c807e6c14f71662b
      size: 3807
  original:
    hackage: gloss-1.13.2.2
- completed:
    hackage: gloss-rendering-1.13.1.2@sha256:2f00aa0fa980427b5d8a2911c34bc0acf16d109c8cfc9addc4e5362aa48a284a,1549
    pantry-tree:
      sha256: 2649e27f1a5fdc399c098b9456f1b2a84a9596e29df2bbfafbda65620e8fab50
      size: 895
  original:
    hackage: gloss-rendering-1.13.1.2
snapshots:
- completed:
    sha256: 795b7a893148a42f09956611a0fa1139293fe6ef934d053468d8e53e3e013390
    size: 719577
    url: https://raw.githubusercontent.com/commercialhaskell/stackage-snapshots/master/lts/22/30.yaml
  original:
    url: https://raw.githubusercontent.com/commercialhaskell/stackage-snapshots/master/lts/22/30.yaml
